// !$*UTF8*$!
{
	archiveVersion = 1;
	classes = {
	};
	objectVersion = 46;
	objects = {

/* Begin PBXBuildFile section */
		E3877C361B9CBCDF00F11226 /* main.cpp in Sources */ = {isa = PBXBuildFile; fileRef = E3877C351B9CBCDF00F11226 /* main.cpp */; };
/* End PBXBuildFile section */

/* Begin PBXCopyFilesBuildPhase section */
		E3877C301B9CBCDF00F11226 /* CopyFiles */ = {
			isa = PBXCopyFilesBuildPhase;
			buildActionMask = 2147483647;
			dstPath = /usr/share/man/man1/;
			dstSubfolderSpec = 0;
			files = (
			);
			runOnlyForDeploymentPostprocessing = 1;
		};
/* End PBXCopyFilesBuildPhase section */

/* Begin PBXFileReference section */
		E3877C321B9CBCDF00F11226 /* ProjectOnlines */ = {isa = PBXFileReference; explicitFileType = "compiled.mach-o.executable"; includeInIndex = 0; path = ProjectOnlines; sourceTree = BUILT_PRODUCTS_DIR; };
		E3877C351B9CBCDF00F11226 /* main.cpp */ = {isa = PBXFileReference; lastKnownFileType = sourcecode.cpp.cpp; path = main.cpp; sourceTree = "<group>"; };
/* End PBXFileReference section */

/* Begin PBXFrameworksBuildPhase section */
		E3877C2F1B9CBCDF00F11226 /* Frameworks */ = {
			isa = PBXFrameworksBuildPhase;
			buildActionMask = 2147483647;
			files = (
			);
			runOnlyForDeploymentPostprocessing = 0;
		};
/* End PBXFrameworksBuildPhase section */

/* Begin PBXGroup section */
		E3877C291B9CBCDF00F11226 = {
			isa = PBXGroup;
			children = (
				E3877C341B9CBCDF00F11226 /* ProjectOnlines */,
				E3877C331B9CBCDF00F11226 /* Products */,
			);
			sourceTree = "<group>";
		};
		E3877C331B9CBCDF00F11226 /* Products */ = {
			isa = PBXGroup;
			children = (
				E3877C321B9CBCDF00F11226 /* ProjectOnlines */,
			);
			name = Products;
			sourceTree = "<group>";
		};
		E3877C341B9CBCDF00F11226 /* ProjectOnlines */ = {
			isa = PBXGroup;
			children = (
				E3877C351B9CBCDF00F11226 /* main.cpp */,
			);
			path = ProjectOnlines;
			sourceTree = "<group>";
		};
/* End PBXGroup section */

/* Begin PBXNativeTarget section */
		E3877C311B9CBCDF00F11226 /* ProjectOnlines */ = {
			isa = PBXNativeTarget;
			buildConfigurationList = E3877C391B9CBCDF00F11226 /* Build configuration list for PBXNativeTarget "ProjectOnlines" */;
			buildPhases = (
				E3877C2E1B9CBCDF00F11226 /* Sources */,
				E3877C2F1B9CBCDF00F11226 /* Frameworks */,
				E3877C301B9CBCDF00F11226 /* CopyFiles */,
			);
			buildRules = (
			);
			dependencies = (
			);
			name = ProjectOnlines;
			productName = ProjectOnlines;
			productReference = E3877C321B9CBCDF00F11226 /* ProjectOnlines */;
			productType = "com.apple.product-type.tool";
		};
/* End PBXNativeTarget section */

/* Begin PBXProject section */
		E3877C2A1B9CBCDF00F11226 /* Project object */ = {
			isa = PBXProject;
			attributes = {
				LastUpgradeCheck = 0640;
				ORGANIZATIONNAME = "Shikhar ";
				TargetAttributes = {
					E3877C311B9CBCDF00F11226 = {
						CreatedOnToolsVersion = 6.4;
					};
				};
			};
			buildConfigurationList = E3877C2D1B9CBCDF00F11226 /* Build configuration list for PBXProject "ProjectOnlines" */;
			compatibilityVersion = "Xcode 3.2";
			developmentRegion = English;
			hasScannedForEncodings = 0;
			knownRegions = (
				en,
			);
			mainGroup = E3877C291B9CBCDF00F11226;
			productRefGroup = E3877C331B9CBCDF00F11226 /* Products */;
			projectDirPath = "";
			projectRoot = "";
			targets = (
				E3877C311B9CBCDF00F11226 /* ProjectOnlines */,
			);
		};
/* End PBXProject section */

/* Begin PBXSourcesBuildPhase section */
		E3877C2E1B9CBCDF00F11226 /* Sources */ = {
			isa = PBXSourcesBuildPhase;
			buildActionMask = 2147483647;
			files = (
				E3877C361B9CBCDF00F11226 /* main.cpp in Sources */,
			);
			runOnlyForDeploymentPostprocessing = 0;
		};
/* End PBXSourcesBuildPhase section */

/* Begin XCBuildConfiguration section */
		E3877C371B9CBCDF00F11226 /* Debug */ = {
			isa = XCBuildConfiguration;
			buildSettings = {
				ALWAYS_SEARCH_USER_PATHS = NO;
				CLANG_CXX_LANGUAGE_STANDARD = "gnu++0x";
				CLANG_CXX_LIBRARY = "libc++";
				CLANG_ENABLE_MODULES = YES;
				CLANG_ENABLE_OBJC_ARC = YES;
				CLANG_WARN_BOOL_CONVERSION = YES;
				CLANG_WARN_CONSTANT_CONVERSION = YES;
				CLANG_WARN_DIRECT_OBJC_ISA_USAGE = YES_ERROR;
				CLANG_WARN_EMPTY_BODY = YES;
				CLANG_WARN_ENUM_CONVERSION = YES;
				CLANG_WARN_INT_CONVERSION = YES;
				CLANG_WARN_OBJC_ROOT_CLASS = YES_ERROR;
				CLANG_WARN_UNREACHABLE_CODE = YES;
				CLANG_WARN__DUPLICATE_METHOD_MATCH = YES;
				COPY_PHASE_STRIP = NO;
				DEBUG_INFORMATION_FORMAT = dwarf;
				ENABLE_STRICT_OBJC_MSGSEND = YES;
				GCC_C_LANGUAGE_STANDARD = gnu99;
				GCC_DYNAMIC_NO_PIC = NO;
				GCC_NO_COMMON_BLOCKS = YES;
				GCC_OPTIMIZATION_LEVEL = 0;
				GCC_PREPROCESSOR_DEFINITIONS = (
					"DEBUG=1",
					"$(inherited)",
				);
				GCC_SYMBOLS_PRIVATE_EXTERN = NO;
				GCC_WARN_64_TO_32_BIT_CONVERSION = YES;
				GCC_WARN_ABOUT_RETURN_TYPE = YES_ERROR;
				GCC_WARN_UNDECLARED_SELECTOR = YES;
				GCC_WARN_UNINITIALIZED_AUTOS = YES_AGGRESSIVE;
				GCC_WARN_UNUSED_FUNCTION = YES;
				GCC_WARN_UNUSED_VARIABLE = YES;
				MACOSX_DEPLOYMENT_TARGET = 10.10;
				MTL_ENABLE_DEBUG_INFO = YES;
				ONLY_ACTIVE_ARCH = YES;
				SDKROOT = macosx;
			};
			name = Debug;
		};
		E3877C381B9CBCDF00F11226 /* Release */ = {
			isa = XCBuildConfiguration;
			buildSettings = {
				ALWAYS_SEARCH_USER_PATHS = NO;
				CLANG_CXX_LANGUAGE_STANDARD = "gnu++0x";
				CLANG_CXX_LIBRARY = "libc++";
				CLANG_ENABLE_MODULES = YES;
				CLANG_ENABLE_OBJC_ARC = YES;
				CLANG_WARN_BOOL_CONVERSION = YES;
				CLANG_WARN_CONSTANT_CONVERSION = YES;
				CLANG_WARN_DIRECT_OBJC_ISA_USAGE = YES_ERROR;
				CLANG_WARN_EMPTY_BODY = YES;
				CLANG_WARN_ENUM_CONVERSION = YES;
				CLANG_WARN_INT_CONVERSION = YES;
				CLANG_WARN_OBJC_ROOT_CLASS = YES_ERROR;
				CLANG_WARN_UNREACHABLE_CODE = YES;
				CLANG_WARN__DUPLICATE_METHOD_MATCH = YES;
				COPY_PHASE_STRIP = NO;
				DEBUG_INFORMATION_FORMAT = "dwarf-with-dsym";
				ENABLE_NS_ASSERTIONS = NO;
				ENABLE_STRICT_OBJC_MSGSEND = YES;
				GCC_C_LANGUAGE_STANDARD = gnu99;
				GCC_NO_COMMON_BLOCKS = YES;
				GCC_WARN_64_TO_32_BIT_CONVERSION = YES;
				GCC_WARN_ABOUT_RETURN_TYPE = YES_ERROR;
				GCC_WARN_UNDECLARED_SELECTOR = YES;
				GCC_WARN_UNINITIALIZED_AUTOS = YES_AGGRESSIVE;
				GCC_WARN_UNUSED_FUNCTION = YES;
				GCC_WARN_UNUSED_VARIABLE = YES;
				MACOSX_DEPLOYMENT_TARGET = 10.10;
				MTL_ENABLE_DEBUG_INFO = NO;
				SDKROOT = macosx;
			};
			name = Release;
		};
		E3877C3A1B9CBCDF00F11226 /* Debug */ = {
			isa = XCBuildConfiguration;
			buildSettings = {
				PRODUCT_NAME = "$(TARGET_NAME)";
			};
			name = Debug;
		};
		E3877C3B1B9CBCDF00F11226 /* Release */ = {
			isa = XCBuildConfiguration;
			buildSettings = {
				PRODUCT_NAME = "$(TARGET_NAME)";
			};
			name = Release;
		};
/* End XCBuildConfiguration section */

/* Begin XCConfigurationList section */
		E3877C2D1B9CBCDF00F11226 /* Build configuration list for PBXProject "ProjectOnlines" */ = {
			isa = XCConfigurationList;
			buildConfigurations = (
				E3877C371B9CBCDF00F11226 /* Debug */,
				E3877C381B9CBCDF00F11226 /* Release */,
			);
			defaultConfigurationIsVisible = 0;
			defaultConfigurationName = Release;
		};
		E3877C391B9CBCDF00F11226 /* Build configuration list for PBXNativeTarget "ProjectOnlines" */ = {
			isa = XCConfigurationList;
			buildConfigurations = (
				E3877C3A1B9CBCDF00F11226 /* Debug */,
				E3877C3B1B9CBCDF00F11226 /* Release */,
			);
			defaultConfigurationIsVisible = 0;
		};
/* End XCConfigurationList section */
	};
	rootObject = E3877C2A1B9CBCDF00F11226 /* Project object */;
}
